// !$*UTF8*$!
{
	archiveVersion = 1;
	classes = {
	};
	objectVersion = 56;
	objects = {

/* Begin PBXBuildFile section */
		1454FC232A103A8E00CDB6DD /* Swift_JWTApp.swift in Sources */ = {isa = PBXBuildFile; fileRef = 1454FC222A103A8E00CDB6DD /* Swift_JWTApp.swift */; };
		1454FC252A103A8E00CDB6DD /* ContentView.swift in Sources */ = {isa = PBXBuildFile; fileRef = 1454FC242A103A8E00CDB6DD /* ContentView.swift */; };
		1454FC272A103A8E00CDB6DD /* Assets.xcassets in Resources */ = {isa = PBXBuildFile; fileRef = 1454FC262A103A8E00CDB6DD /* Assets.xcassets */; };
		1454FC2A2A103A8E00CDB6DD /* Preview Assets.xcassets in Resources */ = {isa = PBXBuildFile; fileRef = 1454FC292A103A8E00CDB6DD /* Preview Assets.xcassets */; };
		1454FC342A103BEF00CDB6DD /* AuthenticationError.swift in Sources */ = {isa = PBXBuildFile; fileRef = 1454FC332A103BEF00CDB6DD /* AuthenticationError.swift */; };
		1454FC372A103C7300CDB6DD /* Webservice.swift in Sources */ = {isa = PBXBuildFile; fileRef = 1454FC362A103C7300CDB6DD /* Webservice.swift */; };
		1454FC392A103EA800CDB6DD /* LoginRequestBody.swift in Sources */ = {isa = PBXBuildFile; fileRef = 1454FC382A103EA800CDB6DD /* LoginRequestBody.swift */; };
		1454FC3B2A10411000CDB6DD /* LoginResponse.swift in Sources */ = {isa = PBXBuildFile; fileRef = 1454FC3A2A10411000CDB6DD /* LoginResponse.swift */; };
		1454FC3D2A10454E00CDB6DD /* LoginViewModel.swift in Sources */ = {isa = PBXBuildFile; fileRef = 1454FC3C2A10454E00CDB6DD /* LoginViewModel.swift */; };
		1454FC3F2A10515800CDB6DD /* Account.swift in Sources */ = {isa = PBXBuildFile; fileRef = 1454FC3E2A10515800CDB6DD /* Account.swift */; };
		1454FC412A10521600CDB6DD /* NetworkError.swift in Sources */ = {isa = PBXBuildFile; fileRef = 1454FC402A10521600CDB6DD /* NetworkError.swift */; };
		1454FC432A10538600CDB6DD /* AccountListViewModel.swift in Sources */ = {isa = PBXBuildFile; fileRef = 1454FC422A10538600CDB6DD /* AccountListViewModel.swift */; };
		1454FC452A1054D700CDB6DD /* AccountViewModel.swift in Sources */ = {isa = PBXBuildFile; fileRef = 1454FC442A1054D700CDB6DD /* AccountViewModel.swift */; };
		1454FC482A10562200CDB6DD /* LoginView.swift in Sources */ = {isa = PBXBuildFile; fileRef = 1454FC472A10562200CDB6DD /* LoginView.swift */; };
		1454FC4A2A10566F00CDB6DD /* AccountListView.swift in Sources */ = {isa = PBXBuildFile; fileRef = 1454FC492A10566F00CDB6DD /* AccountListView.swift */; };
/* End PBXBuildFile section */

/* Begin PBXFileReference section */
		1454FC1F2A103A8E00CDB6DD /* Swift.JWT.app */ = {isa = PBXFileReference; explicitFileType = wrapper.application; includeInIndex = 0; path = Swift.JWT.app; sourceTree = BUILT_PRODUCTS_DIR; };
		1454FC222A103A8E00CDB6DD /* Swift_JWTApp.swift */ = {isa = PBXFileReference; lastKnownFileType = sourcecode.swift; path = Swift_JWTApp.swift; sourceTree = "<group>"; };
		1454FC242A103A8E00CDB6DD /* ContentView.swift */ = {isa = PBXFileReference; lastKnownFileType = sourcecode.swift; path = ContentView.swift; sourceTree = "<group>"; };
		1454FC262A103A8E00CDB6DD /* Assets.xcassets */ = {isa = PBXFileReference; lastKnownFileType = folder.assetcatalog; path = Assets.xcassets; sourceTree = "<group>"; };
		1454FC292A103A8E00CDB6DD /* Preview Assets.xcassets */ = {isa = PBXFileReference; lastKnownFileType = folder.assetcatalog; path = "Preview Assets.xcassets"; sourceTree = "<group>"; };
		1454FC332A103BEF00CDB6DD /* AuthenticationError.swift */ = {isa = PBXFileReference; lastKnownFileType = sourcecode.swift; path = AuthenticationError.swift; sourceTree = "<group>"; };
		1454FC362A103C7300CDB6DD /* Webservice.swift */ = {isa = PBXFileReference; lastKnownFileType = sourcecode.swift; path = Webservice.swift; sourceTree = "<group>"; };
		1454FC382A103EA800CDB6DD /* LoginRequestBody.swift */ = {isa = PBXFileReference; lastKnownFileType = sourcecode.swift; path = LoginRequestBody.swift; sourceTree = "<group>"; };
		1454FC3A2A10411000CDB6DD /* LoginResponse.swift */ = {isa = PBXFileReference; lastKnownFileType = sourcecode.swift; path = LoginResponse.swift; sourceTree = "<group>"; };
		1454FC3C2A10454E00CDB6DD /* LoginViewModel.swift */ = {isa = PBXFileReference; lastKnownFileType = sourcecode.swift; path = LoginViewModel.swift; sourceTree = "<group>"; };
		1454FC3E2A10515800CDB6DD /* Account.swift */ = {isa = PBXFileReference; lastKnownFileType = sourcecode.swift; path = Account.swift; sourceTree = "<group>"; };
		1454FC402A10521600CDB6DD /* NetworkError.swift */ = {isa = PBXFileReference; lastKnownFileType = sourcecode.swift; path = NetworkError.swift; sourceTree = "<group>"; };
		1454FC422A10538600CDB6DD /* AccountListViewModel.swift */ = {isa = PBXFileReference; lastKnownFileType = sourcecode.swift; path = AccountListViewModel.swift; sourceTree = "<group>"; };
		1454FC442A1054D700CDB6DD /* AccountViewModel.swift */ = {isa = PBXFileReference; lastKnownFileType = sourcecode.swift; path = AccountViewModel.swift; sourceTree = "<group>"; };
		1454FC472A10562200CDB6DD /* LoginView.swift */ = {isa = PBXFileReference; lastKnownFileType = sourcecode.swift; path = LoginView.swift; sourceTree = "<group>"; };
		1454FC492A10566F00CDB6DD /* AccountListView.swift */ = {isa = PBXFileReference; lastKnownFileType = sourcecode.swift; path = AccountListView.swift; sourceTree = "<group>"; };
/* End PBXFileReference section */

/* Begin PBXFrameworksBuildPhase section */
		1454FC1C2A103A8E00CDB6DD /* Frameworks */ = {
			isa = PBXFrameworksBuildPhase;
			buildActionMask = 2147483647;
			files = (
			);
			runOnlyForDeploymentPostprocessing = 0;
		};
/* End PBXFrameworksBuildPhase section */

/* Begin PBXGroup section */
		1454FC162A103A8E00CDB6DD = {
			isa = PBXGroup;
			children = (
				1454FC212A103A8E00CDB6DD /* Swift.JWT */,
				1454FC202A103A8E00CDB6DD /* Products */,
			);
			sourceTree = "<group>";
		};
		1454FC202A103A8E00CDB6DD /* Products */ = {
			isa = PBXGroup;
			children = (
				1454FC1F2A103A8E00CDB6DD /* Swift.JWT.app */,
			);
			name = Products;
			sourceTree = "<group>";
		};
		1454FC212A103A8E00CDB6DD /* Swift.JWT */ = {
			isa = PBXGroup;
			children = (
				1454FC352A103C4500CDB6DD /* Services */,
				1454FC322A103BD600CDB6DD /* ViewModels */,
				1454FC312A103BD000CDB6DD /* Views */,
				1454FC302A103BC900CDB6DD /* Models */,
				1454FC222A103A8E00CDB6DD /* Swift_JWTApp.swift */,
				1454FC242A103A8E00CDB6DD /* ContentView.swift */,
				1454FC262A103A8E00CDB6DD /* Assets.xcassets */,
				1454FC282A103A8E00CDB6DD /* Preview Content */,
			);
			path = Swift.JWT;
			sourceTree = "<group>";
		};
		1454FC282A103A8E00CDB6DD /* Preview Content */ = {
			isa = PBXGroup;
			children = (
				1454FC292A103A8E00CDB6DD /* Preview Assets.xcassets */,
			);
			path = "Preview Content";
			sourceTree = "<group>";
		};
		1454FC302A103BC900CDB6DD /* Models */ = {
			isa = PBXGroup;
			children = (
				1454FC332A103BEF00CDB6DD /* AuthenticationError.swift */,
				1454FC382A103EA800CDB6DD /* LoginRequestBody.swift */,
				1454FC3A2A10411000CDB6DD /* LoginResponse.swift */,
				1454FC3E2A10515800CDB6DD /* Account.swift */,
				1454FC402A10521600CDB6DD /* NetworkError.swift */,
			);
			path = Models;
			sourceTree = "<group>";
		};
		1454FC312A103BD000CDB6DD /* Views */ = {
			isa = PBXGroup;
			children = (
				1454FC472A10562200CDB6DD /* LoginView.swift */,
				1454FC492A10566F00CDB6DD /* AccountListView.swift */,
			);
			path = Views;
			sourceTree = "<group>";
		};
		1454FC322A103BD600CDB6DD /* ViewModels */ = {
			isa = PBXGroup;
			children = (
				1454FC3C2A10454E00CDB6DD /* LoginViewModel.swift */,
				1454FC422A10538600CDB6DD /* AccountListViewModel.swift */,
				1454FC442A1054D700CDB6DD /* AccountViewModel.swift */,
			);
			path = ViewModels;
			sourceTree = "<group>";
		};
		1454FC352A103C4500CDB6DD /* Services */ = {
			isa = PBXGroup;
			children = (
				1454FC362A103C7300CDB6DD /* Webservice.swift */,
			);
			path = Services;
			sourceTree = "<group>";
		};
/* End PBXGroup section */

/* Begin PBXNativeTarget section */
		1454FC1E2A103A8E00CDB6DD /* Swift.JWT */ = {
			isa = PBXNativeTarget;
			buildConfigurationList = 1454FC2D2A103A8E00CDB6DD /* Build configuration list for PBXNativeTarget "Swift.JWT" */;
			buildPhases = (
				1454FC1B2A103A8E00CDB6DD /* Sources */,
				1454FC1C2A103A8E00CDB6DD /* Frameworks */,
				1454FC1D2A103A8E00CDB6DD /* Resources */,
			);
			buildRules = (
			);
			dependencies = (
			);
			name = Swift.JWT;
			productName = Swift.JWT;
			productReference = 1454FC1F2A103A8E00CDB6DD /* Swift.JWT.app */;
			productType = "com.apple.product-type.application";
		};
/* End PBXNativeTarget section */

/* Begin PBXProject section */
		1454FC172A103A8E00CDB6DD /* Project object */ = {
			isa = PBXProject;
			attributes = {
				BuildIndependentTargetsInParallel = 1;
				LastSwiftUpdateCheck = 1420;
				LastUpgradeCheck = 1420;
				TargetAttributes = {
					1454FC1E2A103A8E00CDB6DD = {
						CreatedOnToolsVersion = 14.2;
					};
				};
			};
			buildConfigurationList = 1454FC1A2A103A8E00CDB6DD /* Build configuration list for PBXProject "Swift.JWT" */;
			compatibilityVersion = "Xcode 14.0";
			developmentRegion = en;
			hasScannedForEncodings = 0;
			knownRegions = (
				en,
				Base,
			);
			mainGroup = 1454FC162A103A8E00CDB6DD;
			productRefGroup = 1454FC202A103A8E00CDB6DD /* Products */;
			projectDirPath = "";
			projectRoot = "";
			targets = (
				1454FC1E2A103A8E00CDB6DD /* Swift.JWT */,
			);
		};
/* End PBXProject section */

/* Begin PBXResourcesBuildPhase section */
		1454FC1D2A103A8E00CDB6DD /* Resources */ = {
			isa = PBXResourcesBuildPhase;
			buildActionMask = 2147483647;
			files = (
				1454FC2A2A103A8E00CDB6DD /* Preview Assets.xcassets in Resources */,
				1454FC272A103A8E00CDB6DD /* Assets.xcassets in Resources */,
			);
			runOnlyForDeploymentPostprocessing = 0;
		};
/* End PBXResourcesBuildPhase section */

/* Begin PBXSourcesBuildPhase section */
		1454FC1B2A103A8E00CDB6DD /* Sources */ = {
			isa = PBXSourcesBuildPhase;
			buildActionMask = 2147483647;
			files = (
				1454FC252A103A8E00CDB6DD /* ContentView.swift in Sources */,
				1454FC342A103BEF00CDB6DD /* AuthenticationError.swift in Sources */,
				1454FC3B2A10411000CDB6DD /* LoginResponse.swift in Sources */,
				1454FC372A103C7300CDB6DD /* Webservice.swift in Sources */,
				1454FC392A103EA800CDB6DD /* LoginRequestBody.swift in Sources */,
				1454FC452A1054D700CDB6DD /* AccountViewModel.swift in Sources */,
				1454FC482A10562200CDB6DD /* LoginView.swift in Sources */,
				1454FC3F2A10515800CDB6DD /* Account.swift in Sources */,
				1454FC412A10521600CDB6DD /* NetworkError.swift in Sources */,
				1454FC232A103A8E00CDB6DD /* Swift_JWTApp.swift in Sources */,
				1454FC432A10538600CDB6DD /* AccountListViewModel.swift in Sources */,
				1454FC4A2A10566F00CDB6DD /* AccountListView.swift in Sources */,
				1454FC3D2A10454E00CDB6DD /* LoginViewModel.swift in Sources */,
			);
			runOnlyForDeploymentPostprocessing = 0;
		};
/* End PBXSourcesBuildPhase section */

/* Begin XCBuildConfiguration section */
		1454FC2B2A103A8E00CDB6DD /* Debug */ = {
			isa = XCBuildConfiguration;
			buildSettings = {
				ALWAYS_SEARCH_USER_PATHS = NO;
				CLANG_ANALYZER_NONNULL = YES;
				CLANG_ANALYZER_NUMBER_OBJECT_CONVERSION = YES_AGGRESSIVE;
				CLANG_CXX_LANGUAGE_STANDARD = "gnu++20";
				CLANG_ENABLE_MODULES = YES;
				CLANG_ENABLE_OBJC_ARC = YES;
				CLANG_ENABLE_OBJC_WEAK = YES;
				CLANG_WARN_BLOCK_CAPTURE_AUTORELEASING = YES;
				CLANG_WARN_BOOL_CONVERSION = YES;
				CLANG_WARN_COMMA = YES;
				CLANG_WARN_CONSTANT_CONVERSION = YES;
				CLANG_WARN_DEPRECATED_OBJC_IMPLEMENTATIONS = YES;
				CLANG_WARN_DIRECT_OBJC_ISA_USAGE = YES_ERROR;
				CLANG_WARN_DOCUMENTATION_COMMENTS = YES;
				CLANG_WARN_EMPTY_BODY = YES;
				CLANG_WARN_ENUM_CONVERSION = YES;
				CLANG_WARN_INFINITE_RECURSION = YES;
				CLANG_WARN_INT_CONVERSION = YES;
				CLANG_WARN_NON_LITERAL_NULL_CONVERSION = YES;
				CLANG_WARN_OBJC_IMPLICIT_RETAIN_SELF = YES;
				CLANG_WARN_OBJC_LITERAL_CONVERSION = YES;
				CLANG_WARN_OBJC_ROOT_CLASS = YES_ERROR;
				CLANG_WARN_QUOTED_INCLUDE_IN_FRAMEWORK_HEADER = YES;
				CLANG_WARN_RANGE_LOOP_ANALYSIS = YES;
				CLANG_WARN_STRICT_PROTOTYPES = YES;
				CLANG_WARN_SUSPICIOUS_MOVE = YES;
				CLANG_WARN_UNGUARDED_AVAILABILITY = YES_AGGRESSIVE;
				CLANG_WARN_UNREACHABLE_CODE = YES;
				CLANG_WARN__DUPLICATE_METHOD_MATCH = YES;
				COPY_PHASE_STRIP = NO;
				DEBUG_INFORMATION_FORMAT = dwarf;
				ENABLE_STRICT_OBJC_MSGSEND = YES;
				ENABLE_TESTABILITY = YES;
				GCC_C_LANGUAGE_STANDARD = gnu11;
				GCC_DYNAMIC_NO_PIC = NO;
				GCC_NO_COMMON_BLOCKS = YES;
				GCC_OPTIMIZATION_LEVEL = 0;
				GCC_PREPROCESSOR_DEFINITIONS = (
					"DEBUG=1",
					"$(inherited)",
				);
				GCC_WARN_64_TO_32_BIT_CONVERSION = YES;
				GCC_WARN_ABOUT_RETURN_TYPE = YES_ERROR;
				GCC_WARN_UNDECLARED_SELECTOR = YES;
				GCC_WARN_UNINITIALIZED_AUTOS = YES_AGGRESSIVE;
				GCC_WARN_UNUSED_FUNCTION = YES;
				GCC_WARN_UNUSED_VARIABLE = YES;
				IPHONEOS_DEPLOYMENT_TARGET = 16.2;
				MTL_ENABLE_DEBUG_INFO = INCLUDE_SOURCE;
				MTL_FAST_MATH = YES;
				ONLY_ACTIVE_ARCH = YES;
				SDKROOT = iphoneos;
				SWIFT_ACTIVE_COMPILATION_CONDITIONS = DEBUG;
				SWIFT_OPTIMIZATION_LEVEL = "-Onone";
			};
			name = Debug;
		};
		1454FC2C2A103A8E00CDB6DD /* Release */ = {
			isa = XCBuildConfiguration;
			buildSettings = {
				ALWAYS_SEARCH_USER_PATHS = NO;
				CLANG_ANALYZER_NONNULL = YES;
				CLANG_ANALYZER_NUMBER_OBJECT_CONVERSION = YES_AGGRESSIVE;
				CLANG_CXX_LANGUAGE_STANDARD = "gnu++20";
				CLANG_ENABLE_MODULES = YES;
				CLANG_ENABLE_OBJC_ARC = YES;
				CLANG_ENABLE_OBJC_WEAK = YES;
				CLANG_WARN_BLOCK_CAPTURE_AUTORELEASING = YES;
				CLANG_WARN_BOOL_CONVERSION = YES;
				CLANG_WARN_COMMA = YES;
				CLANG_WARN_CONSTANT_CONVERSION = YES;
				CLANG_WARN_DEPRECATED_OBJC_IMPLEMENTATIONS = YES;
				CLANG_WARN_DIRECT_OBJC_ISA_USAGE = YES_ERROR;
				CLANG_WARN_DOCUMENTATION_COMMENTS = YES;
				CLANG_WARN_EMPTY_BODY = YES;
				CLANG_WARN_ENUM_CONVERSION = YES;
				CLANG_WARN_INFINITE_RECURSION = YES;
				CLANG_WARN_INT_CONVERSION = YES;
				CLANG_WARN_NON_LITERAL_NULL_CONVERSION = YES;
				CLANG_WARN_OBJC_IMPLICIT_RETAIN_SELF = YES;
				CLANG_WARN_OBJC_LITERAL_CONVERSION = YES;
				CLANG_WARN_OBJC_ROOT_CLASS = YES_ERROR;
				CLANG_WARN_QUOTED_INCLUDE_IN_FRAMEWORK_HEADER = YES;
				CLANG_WARN_RANGE_LOOP_ANALYSIS = YES;
				CLANG_WARN_STRICT_PROTOTYPES = YES;
				CLANG_WARN_SUSPICIOUS_MOVE = YES;
				CLANG_WARN_UNGUARDED_AVAILABILITY = YES_AGGRESSIVE;
				CLANG_WARN_UNREACHABLE_CODE = YES;
				CLANG_WARN__DUPLICATE_METHOD_MATCH = YES;
				COPY_PHASE_STRIP = NO;
				DEBUG_INFORMATION_FORMAT = "dwarf-with-dsym";
				ENABLE_NS_ASSERTIONS = NO;
				ENABLE_STRICT_OBJC_MSGSEND = YES;
				GCC_C_LANGUAGE_STANDARD = gnu11;
				GCC_NO_COMMON_BLOCKS = YES;
				GCC_WARN_64_TO_32_BIT_CONVERSION = YES;
				GCC_WARN_ABOUT_RETURN_TYPE = YES_ERROR;
				GCC_WARN_UNDECLARED_SELECTOR = YES;
				GCC_WARN_UNINITIALIZED_AUTOS = YES_AGGRESSIVE;
				GCC_WARN_UNUSED_FUNCTION = YES;
				GCC_WARN_UNUSED_VARIABLE = YES;
				IPHONEOS_DEPLOYMENT_TARGET = 16.2;
				MTL_ENABLE_DEBUG_INFO = NO;
				MTL_FAST_MATH = YES;
				SDKROOT = iphoneos;
				SWIFT_COMPILATION_MODE = wholemodule;
				SWIFT_OPTIMIZATION_LEVEL = "-O";
				VALIDATE_PRODUCT = YES;
			};
			name = Release;
		};
		1454FC2E2A103A8E00CDB6DD /* Debug */ = {
			isa = XCBuildConfiguration;
			buildSettings = {
				ASSETCATALOG_COMPILER_APPICON_NAME = AppIcon;
				ASSETCATALOG_COMPILER_GLOBAL_ACCENT_COLOR_NAME = AccentColor;
				CODE_SIGN_STYLE = Automatic;
				CURRENT_PROJECT_VERSION = 1;
				DEVELOPMENT_ASSET_PATHS = "\"Swift.JWT/Preview Content\"";
				DEVELOPMENT_TEAM = Q247WY3MHA;
				ENABLE_PREVIEWS = YES;
				GENERATE_INFOPLIST_FILE = YES;
				INFOPLIST_KEY_UIApplicationSceneManifest_Generation = YES;
				INFOPLIST_KEY_UIApplicationSupportsIndirectInputEvents = YES;
				INFOPLIST_KEY_UILaunchScreen_Generation = YES;
				INFOPLIST_KEY_UISupportedInterfaceOrientations_iPad = "UIInterfaceOrientationPortrait UIInterfaceOrientationPortraitUpsideDown UIInterfaceOrientationLandscapeLeft UIInterfaceOrientationLandscapeRight";
				INFOPLIST_KEY_UISupportedInterfaceOrientations_iPhone = "UIInterfaceOrientationPortrait UIInterfaceOrientationLandscapeLeft UIInterfaceOrientationLandscapeRight";
				LD_RUNPATH_SEARCH_PATHS = (
					"$(inherited)",
					"@executable_path/Frameworks",
				);
				MARKETING_VERSION = 1.0;
				PRODUCT_BUNDLE_IDENTIFIER = "com.salmdo.Swift-JWT";
				PRODUCT_NAME = "$(TARGET_NAME)";
				SWIFT_EMIT_LOC_STRINGS = YES;
				SWIFT_VERSION = 5.0;
				TARGETED_DEVICE_FAMILY = "1,2";
			};
			name = Debug;
		};
		1454FC2F2A103A8E00CDB6DD /* Release */ = {
			isa = XCBuildConfiguration;
			buildSettings = {
				ASSETCATALOG_COMPILER_APPICON_NAME = AppIcon;
				ASSETCATALOG_COMPILER_GLOBAL_ACCENT_COLOR_NAME = AccentColor;
				CODE_SIGN_STYLE = Automatic;
				CURRENT_PROJECT_VERSION = 1;
				DEVELOPMENT_ASSET_PATHS = "\"Swift.JWT/Preview Content\"";
				DEVELOPMENT_TEAM = Q247WY3MHA;
				ENABLE_PREVIEWS = YES;
				GENERATE_INFOPLIST_FILE = YES;
				INFOPLIST_KEY_UIApplicationSceneManifest_Generation = YES;
				INFOPLIST_KEY_UIApplicationSupportsIndirectInputEvents = YES;
				INFOPLIST_KEY_UILaunchScreen_Generation = YES;
				INFOPLIST_KEY_UISupportedInterfaceOrientations_iPad = "UIInterfaceOrientationPortrait UIInterfaceOrientationPortraitUpsideDown UIInterfaceOrientationLandscapeLeft UIInterfaceOrientationLandscapeRight";
				INFOPLIST_KEY_UISupportedInterfaceOrientations_iPhone = "UIInterfaceOrientationPortrait UIInterfaceOrientationLandscapeLeft UIInterfaceOrientationLandscapeRight";
				LD_RUNPATH_SEARCH_PATHS = (
					"$(inherited)",
					"@executable_path/Frameworks",
				);
				MARKETING_VERSION = 1.0;
				PRODUCT_BUNDLE_IDENTIFIER = "com.salmdo.Swift-JWT";
				PRODUCT_NAME = "$(TARGET_NAME)";
				SWIFT_EMIT_LOC_STRINGS = YES;
				SWIFT_VERSION = 5.0;
				TARGETED_DEVICE_FAMILY = "1,2";
			};
			name = Release;
		};
/* End XCBuildConfiguration section */

/* Begin XCConfigurationList section */
		1454FC1A2A103A8E00CDB6DD /* Build configuration list for PBXProject "Swift.JWT" */ = {
			isa = XCConfigurationList;
			buildConfigurations = (
				1454FC2B2A103A8E00CDB6DD /* Debug */,
				1454FC2C2A103A8E00CDB6DD /* Release */,
			);
			defaultConfigurationIsVisible = 0;
			defaultConfigurationName = Release;
		};
		1454FC2D2A103A8E00CDB6DD /* Build configuration list for PBXNativeTarget "Swift.JWT" */ = {
			isa = XCConfigurationList;
			buildConfigurations = (
				1454FC2E2A103A8E00CDB6DD /* Debug */,
				1454FC2F2A103A8E00CDB6DD /* Release */,
			);
			defaultConfigurationIsVisible = 0;
			defaultConfigurationName = Release;
		};
/* End XCConfigurationList section */
	};
	rootObject = 1454FC172A103A8E00CDB6DD /* Project object */;
}
